// !$*UTF8*$!
{
	archiveVersion = 1;
	classes = {
	};
	objectVersion = 46;
	objects = {

/* Begin PBXBuildFile section */
		0505BD441D8EB5C800C74D8F /* KGColorTable.swift in Sources */ = {isa = PBXBuildFile; fileRef = 0505BD431D8EB5C800C74D8F /* KGColorTable.swift */; };
		050A74641D9AD063004B177C /* KGIntersectDetector.swift in Sources */ = {isa = PBXBuildFile; fileRef = 050A74631D9AD063004B177C /* KGIntersectDetector.swift */; };
		050A74661D9AD100004B177C /* UTIntersect.swift in Sources */ = {isa = PBXBuildFile; fileRef = 050A74651D9AD100004B177C /* UTIntersect.swift */; };
		053526481D86FEC10073BE74 /* KGConrtext.swift in Sources */ = {isa = PBXBuildFile; fileRef = 053526471D86FEC10073BE74 /* KGConrtext.swift */; };
		0535264A1D870F2A0073BE74 /* KGEclipse.swift in Sources */ = {isa = PBXBuildFile; fileRef = 053526491D870F2A0073BE74 /* KGEclipse.swift */; };
		053BA1CA1DA8F74D00C32991 /* KGVertices.swift in Sources */ = {isa = PBXBuildFile; fileRef = 053BA1C91DA8F74D00C32991 /* KGVertices.swift */; };
		055DFA5F1D978C240029BA0A /* KGStroke.swift in Sources */ = {isa = PBXBuildFile; fileRef = 055DFA5E1D978C240029BA0A /* KGStroke.swift */; };
		055E33C91DFC127900BA0582 /* Canary.framework in Frameworks */ = {isa = PBXBuildFile; fileRef = 055E33C81DFC127900BA0582 /* Canary.framework */; };
		055E33CA1DFC127900BA0582 /* Canary.framework in Frameworks */ = {isa = PBXBuildFile; fileRef = 055E33C81DFC127900BA0582 /* Canary.framework */; };
		056DDBC51D968A27007A8677 /* KGImage.swift in Sources */ = {isa = PBXBuildFile; fileRef = 056DDBC41D968A27007A8677 /* KGImage.swift */; };
		056FCB7E1DFC147B001C1FC6 /* KGTriangle.swift in Sources */ = {isa = PBXBuildFile; fileRef = 056FCB7D1DFC147B001C1FC6 /* KGTriangle.swift */; };
		057B0B401D900EA500E4CD7E /* KGGradientTable.swift in Sources */ = {isa = PBXBuildFile; fileRef = 057B0B3F1D900EA500E4CD7E /* KGGradientTable.swift */; };
		059484501DAD3F10005697A5 /* KGGlyph.swift in Sources */ = {isa = PBXBuildFile; fileRef = 0594844F1DAD3F10005697A5 /* KGGlyph.swift */; };
		059566491D84E27B00DA0C8C /* KGPartitionLayer.swift in Sources */ = {isa = PBXBuildFile; fileRef = 059566441D84E27B00DA0C8C /* KGPartitionLayer.swift */; };
		0595664A1D84E27B00DA0C8C /* KGPartitionCell.swift in Sources */ = {isa = PBXBuildFile; fileRef = 059566451D84E27B00DA0C8C /* KGPartitionCell.swift */; };
		0595664B1D84E27B00DA0C8C /* KGPartitionCellTable.swift in Sources */ = {isa = PBXBuildFile; fileRef = 059566461D84E27B00DA0C8C /* KGPartitionCellTable.swift */; };
		0595664C1D84E27B00DA0C8C /* KGPartitionIndex.swift in Sources */ = {isa = PBXBuildFile; fileRef = 059566471D84E27B00DA0C8C /* KGPartitionIndex.swift */; };
		0595664D1D84E27B00DA0C8C /* KGPartitionMapper.swift in Sources */ = {isa = PBXBuildFile; fileRef = 059566481D84E27B00DA0C8C /* KGPartitionMapper.swift */; };
		059B832E1D853F6900E118F6 /* main.swift in Sources */ = {isa = PBXBuildFile; fileRef = 059B832D1D853F6900E118F6 /* main.swift */; };
		059B83311D853F7200E118F6 /* UTPartitionCell.swift in Sources */ = {isa = PBXBuildFile; fileRef = 059B832F1D853F7200E118F6 /* UTPartitionCell.swift */; };
		059B83321D853F7200E118F6 /* UTPartitionMapper.swift in Sources */ = {isa = PBXBuildFile; fileRef = 059B83301D853F7200E118F6 /* UTPartitionMapper.swift */; };
		059B83341D85404500E118F6 /* KGCircle.swift in Sources */ = {isa = PBXBuildFile; fileRef = 059B83331D85404500E118F6 /* KGCircle.swift */; };
		059B833D1D8545FF00E118F6 /* Canary.framework in CopyFiles */ = {isa = PBXBuildFile; fileRef = 059B833C1D8545FF00E118F6 /* Canary.framework */; settings = {ATTRIBUTES = (CodeSignOnCopy, RemoveHeadersOnCopy, ); }; };
		059B833F1D85461300E118F6 /* KiwiGraphics.framework in CopyFiles */ = {isa = PBXBuildFile; fileRef = 059B833E1D85461300E118F6 /* KiwiGraphics.framework */; settings = {ATTRIBUTES = (CodeSignOnCopy, RemoveHeadersOnCopy, ); }; };
		059B83401D85483500E118F6 /* Canary.framework in Frameworks */ = {isa = PBXBuildFile; fileRef = 059B833C1D8545FF00E118F6 /* Canary.framework */; };
		059B83411D85483900E118F6 /* KiwiGraphics.framework in Frameworks */ = {isa = PBXBuildFile; fileRef = 059B833E1D85461300E118F6 /* KiwiGraphics.framework */; };
		05A23E1B1D84D9BC00DA705C /* KiwiGraphics.h in Headers */ = {isa = PBXBuildFile; fileRef = 05A23E191D84D9BC00DA705C /* KiwiGraphics.h */; settings = {ATTRIBUTES = (Public, ); }; };
		05B698291DFBB5710088A8E6 /* AppDelegate.swift in Sources */ = {isa = PBXBuildFile; fileRef = 05B698281DFBB5710088A8E6 /* AppDelegate.swift */; };
		05B6982B1DFBB5710088A8E6 /* ViewController.swift in Sources */ = {isa = PBXBuildFile; fileRef = 05B6982A1DFBB5710088A8E6 /* ViewController.swift */; };
		05B6982D1DFBB5710088A8E6 /* Assets.xcassets in Resources */ = {isa = PBXBuildFile; fileRef = 05B6982C1DFBB5710088A8E6 /* Assets.xcassets */; };
		05B698301DFBB5710088A8E6 /* Main.storyboard in Resources */ = {isa = PBXBuildFile; fileRef = 05B6982E1DFBB5710088A8E6 /* Main.storyboard */; };
		05E629401D89999B00CF5C30 /* KGHexagon.swift in Sources */ = {isa = PBXBuildFile; fileRef = 05E6293F1D89999B00CF5C30 /* KGHexagon.swift */; };
		05E92A371D84E0AB00265B26 /* KGLine.swift in Sources */ = {isa = PBXBuildFile; fileRef = 05E92A321D84E0AB00265B26 /* KGLine.swift */; };
		05E92A381D84E0AB00265B26 /* KGPointExtension.swift in Sources */ = {isa = PBXBuildFile; fileRef = 05E92A331D84E0AB00265B26 /* KGPointExtension.swift */; };
		05E92A391D84E0AB00265B26 /* KGRectExtension.swift in Sources */ = {isa = PBXBuildFile; fileRef = 05E92A341D84E0AB00265B26 /* KGRectExtension.swift */; };
		05E92A3A1D84E0AB00265B26 /* KGSizeExtension.swift in Sources */ = {isa = PBXBuildFile; fileRef = 05E92A351D84E0AB00265B26 /* KGSizeExtension.swift */; };
		05E92A3B1D84E0AB00265B26 /* KGVelocity.swift in Sources */ = {isa = PBXBuildFile; fileRef = 05E92A361D84E0AB00265B26 /* KGVelocity.swift */; };
		05E92A3D1D84E0D200265B26 /* Canary.framework in Frameworks */ = {isa = PBXBuildFile; fileRef = 05E92A3C1D84E0D200265B26 /* Canary.framework */; };
		05ED35EF1DABAEC3002976E7 /* UTGradient.swift in Sources */ = {isa = PBXBuildFile; fileRef = 05ED35EE1DABAEC3002976E7 /* UTGradient.swift */; };
		05F803C61D89A6940015744B /* UTHexagon.swift in Sources */ = {isa = PBXBuildFile; fileRef = 05F803C51D89A6940015744B /* UTHexagon.swift */; };
/* End PBXBuildFile section */

/* Begin PBXContainerItemProxy section */
		053DEEAD1D853EE8008FDA9F /* PBXContainerItemProxy */ = {
			isa = PBXContainerItemProxy;
			containerPortal = 05A23E0D1D84D9BC00DA705C /* Project object */;
			proxyType = 1;
			remoteGlobalIDString = 05B72B0C1D851F6E00F0448B;
			remoteInfo = UnitTestBundle;
		};
		059566531D84E31C00DA0C8C /* PBXContainerItemProxy */ = {
			isa = PBXContainerItemProxy;
			containerPortal = 05A23E0D1D84D9BC00DA705C /* Project object */;
			proxyType = 1;
			remoteGlobalIDString = 05A23E151D84D9BC00DA705C;
			remoteInfo = KiwiGraphics;
		};
		059B83461D85512F00E118F6 /* PBXContainerItemProxy */ = {
			isa = PBXContainerItemProxy;
			containerPortal = 05A23E0D1D84D9BC00DA705C /* Project object */;
			proxyType = 1;
			remoteGlobalIDString = 053DEEA51D853ED9008FDA9F;
			remoteInfo = UnitTest;
		};
		05B698351DFBB57E0088A8E6 /* PBXContainerItemProxy */ = {
			isa = PBXContainerItemProxy;
			containerPortal = 05A23E0D1D84D9BC00DA705C /* Project object */;
			proxyType = 1;
			remoteGlobalIDString = 0595664E1D84E2C300DA0C8C;
			remoteInfo = Install;
		};
		05B72B131D851F7800F0448B /* PBXContainerItemProxy */ = {
			isa = PBXContainerItemProxy;
			containerPortal = 05A23E0D1D84D9BC00DA705C /* Project object */;
			proxyType = 1;
			remoteGlobalIDString = 0595664E1D84E2C300DA0C8C;
			remoteInfo = Install;
		};
/* End PBXContainerItemProxy section */

/* Begin PBXCopyFilesBuildPhase section */
		059B833B1D8545E600E118F6 /* CopyFiles */ = {
			isa = PBXCopyFilesBuildPhase;
			buildActionMask = 2147483647;
			dstPath = "";
			dstSubfolderSpec = 10;
			files = (
				059B833F1D85461300E118F6 /* KiwiGraphics.framework in CopyFiles */,
				059B833D1D8545FF00E118F6 /* Canary.framework in CopyFiles */,
			);
			runOnlyForDeploymentPostprocessing = 0;
		};
/* End PBXCopyFilesBuildPhase section */

/* Begin PBXFileReference section */
		0505BD431D8EB5C800C74D8F /* KGColorTable.swift */ = {isa = PBXFileReference; fileEncoding = 4; lastKnownFileType = sourcecode.swift; path = KGColorTable.swift; sourceTree = "<group>"; };
		050A74631D9AD063004B177C /* KGIntersectDetector.swift */ = {isa = PBXFileReference; fileEncoding = 4; lastKnownFileType = sourcecode.swift; path = KGIntersectDetector.swift; sourceTree = "<group>"; };
		050A74651D9AD100004B177C /* UTIntersect.swift */ = {isa = PBXFileReference; fileEncoding = 4; lastKnownFileType = sourcecode.swift; path = UTIntersect.swift; sourceTree = "<group>"; };
		053526471D86FEC10073BE74 /* KGConrtext.swift */ = {isa = PBXFileReference; fileEncoding = 4; lastKnownFileType = sourcecode.swift; path = KGConrtext.swift; sourceTree = "<group>"; };
		053526491D870F2A0073BE74 /* KGEclipse.swift */ = {isa = PBXFileReference; fileEncoding = 4; lastKnownFileType = sourcecode.swift; name = KGEclipse.swift; path = Primitives/KGEclipse.swift; sourceTree = "<group>"; };
		053BA1C91DA8F74D00C32991 /* KGVertices.swift */ = {isa = PBXFileReference; fileEncoding = 4; lastKnownFileType = sourcecode.swift; name = KGVertices.swift; path = Primitives/KGVertices.swift; sourceTree = "<group>"; };
		053DEEA61D853ED9008FDA9F /* UnitTest */ = {isa = PBXFileReference; explicitFileType = "compiled.mach-o.executable"; includeInIndex = 0; path = UnitTest; sourceTree = BUILT_PRODUCTS_DIR; };
		055DFA5E1D978C240029BA0A /* KGStroke.swift */ = {isa = PBXFileReference; fileEncoding = 4; lastKnownFileType = sourcecode.swift; name = KGStroke.swift; path = ../Primitives/KGStroke.swift; sourceTree = "<group>"; };
		055E33C81DFC127900BA0582 /* Canary.framework */ = {isa = PBXFileReference; lastKnownFileType = wrapper.framework; name = Canary.framework; path = ../../../Library/Frameworks/Canary.framework; sourceTree = "<group>"; };
		056DDBC41D968A27007A8677 /* KGImage.swift */ = {isa = PBXFileReference; fileEncoding = 4; lastKnownFileType = sourcecode.swift; path = KGImage.swift; sourceTree = "<group>"; };
		056FCB7D1DFC147B001C1FC6 /* KGTriangle.swift */ = {isa = PBXFileReference; fileEncoding = 4; lastKnownFileType = sourcecode.swift; name = KGTriangle.swift; path = Primitives/KGTriangle.swift; sourceTree = "<group>"; };
		057B0B3F1D900EA500E4CD7E /* KGGradientTable.swift */ = {isa = PBXFileReference; fileEncoding = 4; lastKnownFileType = sourcecode.swift; name = KGGradientTable.swift; path = Primitives/KGGradientTable.swift; sourceTree = "<group>"; };
		0594844F1DAD3F10005697A5 /* KGGlyph.swift */ = {isa = PBXFileReference; fileEncoding = 4; lastKnownFileType = sourcecode.swift; name = KGGlyph.swift; path = Primitives/KGGlyph.swift; sourceTree = "<group>"; };
		059566441D84E27B00DA0C8C /* KGPartitionLayer.swift */ = {isa = PBXFileReference; fileEncoding = 4; lastKnownFileType = sourcecode.swift; path = KGPartitionLayer.swift; sourceTree = "<group>"; };
		059566451D84E27B00DA0C8C /* KGPartitionCell.swift */ = {isa = PBXFileReference; fileEncoding = 4; lastKnownFileType = sourcecode.swift; path = KGPartitionCell.swift; sourceTree = "<group>"; };
		059566461D84E27B00DA0C8C /* KGPartitionCellTable.swift */ = {isa = PBXFileReference; fileEncoding = 4; lastKnownFileType = sourcecode.swift; path = KGPartitionCellTable.swift; sourceTree = "<group>"; };
		059566471D84E27B00DA0C8C /* KGPartitionIndex.swift */ = {isa = PBXFileReference; fileEncoding = 4; lastKnownFileType = sourcecode.swift; path = KGPartitionIndex.swift; sourceTree = "<group>"; };
		059566481D84E27B00DA0C8C /* KGPartitionMapper.swift */ = {isa = PBXFileReference; fileEncoding = 4; lastKnownFileType = sourcecode.swift; path = KGPartitionMapper.swift; sourceTree = "<group>"; };
		059566521D84E2F800DA0C8C /* install.mk */ = {isa = PBXFileReference; fileEncoding = 4; lastKnownFileType = file; name = install.mk; path = ../Script/install.mk; sourceTree = "<group>"; };
		059B832D1D853F6900E118F6 /* main.swift */ = {isa = PBXFileReference; fileEncoding = 4; lastKnownFileType = sourcecode.swift; path = main.swift; sourceTree = "<group>"; };
		059B832F1D853F7200E118F6 /* UTPartitionCell.swift */ = {isa = PBXFileReference; fileEncoding = 4; lastKnownFileType = sourcecode.swift; path = UTPartitionCell.swift; sourceTree = "<group>"; };
		059B83301D853F7200E118F6 /* UTPartitionMapper.swift */ = {isa = PBXFileReference; fileEncoding = 4; lastKnownFileType = sourcecode.swift; path = UTPartitionMapper.swift; sourceTree = "<group>"; };
		059B83331D85404500E118F6 /* KGCircle.swift */ = {isa = PBXFileReference; fileEncoding = 4; lastKnownFileType = sourcecode.swift; name = KGCircle.swift; path = Primitives/KGCircle.swift; sourceTree = "<group>"; };
		059B833C1D8545FF00E118F6 /* Canary.framework */ = {isa = PBXFileReference; lastKnownFileType = wrapper.framework; name = Canary.framework; path = ../../../../Library/Frameworks/Canary.framework; sourceTree = "<group>"; };
		059B833E1D85461300E118F6 /* KiwiGraphics.framework */ = {isa = PBXFileReference; lastKnownFileType = wrapper.framework; name = KiwiGraphics.framework; path = ../../../../Library/Frameworks/KiwiGraphics.framework; sourceTree = "<group>"; };
		059B83481D85514200E118F6 /* unit_test.mk */ = {isa = PBXFileReference; fileEncoding = 4; lastKnownFileType = text; path = unit_test.mk; sourceTree = "<group>"; };
		05A23E161D84D9BC00DA705C /* KiwiGraphics.framework */ = {isa = PBXFileReference; explicitFileType = wrapper.framework; includeInIndex = 0; path = KiwiGraphics.framework; sourceTree = BUILT_PRODUCTS_DIR; };
		05A23E191D84D9BC00DA705C /* KiwiGraphics.h */ = {isa = PBXFileReference; lastKnownFileType = sourcecode.c.h; path = KiwiGraphics.h; sourceTree = "<group>"; };
		05A23E1A1D84D9BC00DA705C /* Info.plist */ = {isa = PBXFileReference; lastKnownFileType = text.plist.xml; path = Info.plist; sourceTree = "<group>"; };
		05B698261DFBB5710088A8E6 /* UTImageView.app */ = {isa = PBXFileReference; explicitFileType = wrapper.application; includeInIndex = 0; path = UTImageView.app; sourceTree = BUILT_PRODUCTS_DIR; };
		05B698281DFBB5710088A8E6 /* AppDelegate.swift */ = {isa = PBXFileReference; lastKnownFileType = sourcecode.swift; path = AppDelegate.swift; sourceTree = "<group>"; };
		05B6982A1DFBB5710088A8E6 /* ViewController.swift */ = {isa = PBXFileReference; lastKnownFileType = sourcecode.swift; path = ViewController.swift; sourceTree = "<group>"; };
		05B6982C1DFBB5710088A8E6 /* Assets.xcassets */ = {isa = PBXFileReference; lastKnownFileType = folder.assetcatalog; path = Assets.xcassets; sourceTree = "<group>"; };
		05B6982F1DFBB5710088A8E6 /* Base */ = {isa = PBXFileReference; lastKnownFileType = file.storyboard; name = Base; path = Base.lproj/Main.storyboard; sourceTree = "<group>"; };
		05B698311DFBB5710088A8E6 /* Info.plist */ = {isa = PBXFileReference; lastKnownFileType = text.plist.xml; path = Info.plist; sourceTree = "<group>"; };
		05B72B0D1D851F6E00F0448B /* UnitTest.bundle */ = {isa = PBXFileReference; explicitFileType = wrapper.cfbundle; includeInIndex = 0; path = UnitTest.bundle; sourceTree = BUILT_PRODUCTS_DIR; };
		05B72B0F1D851F6E00F0448B /* Info.plist */ = {isa = PBXFileReference; lastKnownFileType = text.plist.xml; path = Info.plist; sourceTree = "<group>"; };
		05E6293F1D89999B00CF5C30 /* KGHexagon.swift */ = {isa = PBXFileReference; fileEncoding = 4; lastKnownFileType = sourcecode.swift; name = KGHexagon.swift; path = Primitives/KGHexagon.swift; sourceTree = "<group>"; };
		05E92A321D84E0AB00265B26 /* KGLine.swift */ = {isa = PBXFileReference; fileEncoding = 4; lastKnownFileType = sourcecode.swift; name = KGLine.swift; path = Primitives/KGLine.swift; sourceTree = "<group>"; };
		05E92A331D84E0AB00265B26 /* KGPointExtension.swift */ = {isa = PBXFileReference; fileEncoding = 4; lastKnownFileType = sourcecode.swift; name = KGPointExtension.swift; path = Primitives/KGPointExtension.swift; sourceTree = "<group>"; };
		05E92A341D84E0AB00265B26 /* KGRectExtension.swift */ = {isa = PBXFileReference; fileEncoding = 4; lastKnownFileType = sourcecode.swift; name = KGRectExtension.swift; path = Primitives/KGRectExtension.swift; sourceTree = "<group>"; };
		05E92A351D84E0AB00265B26 /* KGSizeExtension.swift */ = {isa = PBXFileReference; fileEncoding = 4; lastKnownFileType = sourcecode.swift; name = KGSizeExtension.swift; path = Primitives/KGSizeExtension.swift; sourceTree = "<group>"; };
		05E92A361D84E0AB00265B26 /* KGVelocity.swift */ = {isa = PBXFileReference; fileEncoding = 4; lastKnownFileType = sourcecode.swift; path = KGVelocity.swift; sourceTree = "<group>"; };
		05E92A3C1D84E0D200265B26 /* Canary.framework */ = {isa = PBXFileReference; lastKnownFileType = wrapper.framework; name = Canary.framework; path = ../../../../Library/Frameworks/Canary.framework; sourceTree = "<group>"; };
		05ED35EE1DABAEC3002976E7 /* UTGradient.swift */ = {isa = PBXFileReference; fileEncoding = 4; lastKnownFileType = sourcecode.swift; path = UTGradient.swift; sourceTree = "<group>"; };
		05F803C51D89A6940015744B /* UTHexagon.swift */ = {isa = PBXFileReference; fileEncoding = 4; lastKnownFileType = sourcecode.swift; path = UTHexagon.swift; sourceTree = "<group>"; };
/* End PBXFileReference section */

/* Begin PBXFrameworksBuildPhase section */
		053DEEA31D853ED9008FDA9F /* Frameworks */ = {
			isa = PBXFrameworksBuildPhase;
			buildActionMask = 2147483647;
			files = (
				059B83401D85483500E118F6 /* Canary.framework in Frameworks */,
				059B83411D85483900E118F6 /* KiwiGraphics.framework in Frameworks */,
			);
			runOnlyForDeploymentPostprocessing = 0;
		};
		05A23E121D84D9BC00DA705C /* Frameworks */ = {
			isa = PBXFrameworksBuildPhase;
			buildActionMask = 2147483647;
			files = (
				055E33C91DFC127900BA0582 /* Canary.framework in Frameworks */,
				05E92A3D1D84E0D200265B26 /* Canary.framework in Frameworks */,
			);
			runOnlyForDeploymentPostprocessing = 0;
		};
		05B698231DFBB5710088A8E6 /* Frameworks */ = {
			isa = PBXFrameworksBuildPhase;
			buildActionMask = 2147483647;
			files = (
				055E33CA1DFC127900BA0582 /* Canary.framework in Frameworks */,
			);
			runOnlyForDeploymentPostprocessing = 0;
		};
		05B72B0A1D851F6E00F0448B /* Frameworks */ = {
			isa = PBXFrameworksBuildPhase;
			buildActionMask = 2147483647;
			files = (
			);
			runOnlyForDeploymentPostprocessing = 0;
		};
/* End PBXFrameworksBuildPhase section */

/* Begin PBXGroup section */
		0505BD421D8EB5B200C74D8F /* Color */ = {
			isa = PBXGroup;
			children = (
				0505BD431D8EB5C800C74D8F /* KGColorTable.swift */,
			);
			path = Color;
			sourceTree = "<group>";
		};
		053526461D86FCEA0073BE74 /* Graphics */ = {
			isa = PBXGroup;
			children = (
				050A74631D9AD063004B177C /* KGIntersectDetector.swift */,
				05E92A361D84E0AB00265B26 /* KGVelocity.swift */,
				053526471D86FEC10073BE74 /* KGConrtext.swift */,
				056DDBC41D968A27007A8677 /* KGImage.swift */,
				055DFA5E1D978C240029BA0A /* KGStroke.swift */,
			);
			path = Graphics;
			sourceTree = "<group>";
		};
		055E33C71DFC110800BA0582 /* OSX */ = {
			isa = PBXGroup;
			children = (
				05B698271DFBB5710088A8E6 /* UTImageView */,
			);
			path = OSX;
			sourceTree = "<group>";
		};
		059566431D84E26500DA0C8C /* SpatialPartition */ = {
			isa = PBXGroup;
			children = (
				059566441D84E27B00DA0C8C /* KGPartitionLayer.swift */,
				059566451D84E27B00DA0C8C /* KGPartitionCell.swift */,
				059566461D84E27B00DA0C8C /* KGPartitionCellTable.swift */,
				059566471D84E27B00DA0C8C /* KGPartitionIndex.swift */,
				059566481D84E27B00DA0C8C /* KGPartitionMapper.swift */,
			);
			path = SpatialPartition;
			sourceTree = "<group>";
		};
		059B832C1D853F1000E118F6 /* UnitTest */ = {
			isa = PBXGroup;
			children = (
				059B833E1D85461300E118F6 /* KiwiGraphics.framework */,
				059B833C1D8545FF00E118F6 /* Canary.framework */,
				059B832F1D853F7200E118F6 /* UTPartitionCell.swift */,
				059B83301D853F7200E118F6 /* UTPartitionMapper.swift */,
				05F803C51D89A6940015744B /* UTHexagon.swift */,
				050A74651D9AD100004B177C /* UTIntersect.swift */,
				05ED35EE1DABAEC3002976E7 /* UTGradient.swift */,
				059B832D1D853F6900E118F6 /* main.swift */,
				059B83481D85514200E118F6 /* unit_test.mk */,
			);
			name = UnitTest;
			path = ../UnitTest/UnitTest;
			sourceTree = SOURCE_ROOT;
		};
		05A23E0C1D84D9BC00DA705C = {
			isa = PBXGroup;
			children = (
				05E92A301D84DABB00265B26 /* Source */,
				05B72B081D851F2300F0448B /* UnitTest */,
				05A23E181D84D9BC00DA705C /* KiwiGraphics */,
				05A23E171D84D9BC00DA705C /* Products */,
				055E33C81DFC127900BA0582 /* Canary.framework */,
			);
			sourceTree = "<group>";
		};
		05A23E171D84D9BC00DA705C /* Products */ = {
			isa = PBXGroup;
			children = (
				05A23E161D84D9BC00DA705C /* KiwiGraphics.framework */,
				05B72B0D1D851F6E00F0448B /* UnitTest.bundle */,
				053DEEA61D853ED9008FDA9F /* UnitTest */,
				05B698261DFBB5710088A8E6 /* UTImageView.app */,
			);
			name = Products;
			sourceTree = "<group>";
		};
		05A23E181D84D9BC00DA705C /* KiwiGraphics */ = {
			isa = PBXGroup;
			children = (
				059566521D84E2F800DA0C8C /* install.mk */,
				05E92A3C1D84E0D200265B26 /* Canary.framework */,
				05A23E1A1D84D9BC00DA705C /* Info.plist */,
			);
			path = KiwiGraphics;
			sourceTree = "<group>";
		};
		05B698271DFBB5710088A8E6 /* UTImageView */ = {
			isa = PBXGroup;
			children = (
				05B698281DFBB5710088A8E6 /* AppDelegate.swift */,
				05B6982A1DFBB5710088A8E6 /* ViewController.swift */,
				05B6982C1DFBB5710088A8E6 /* Assets.xcassets */,
				05B6982E1DFBB5710088A8E6 /* Main.storyboard */,
				05B698311DFBB5710088A8E6 /* Info.plist */,
			);
			path = UTImageView;
			sourceTree = "<group>";
		};
		05B72B081D851F2300F0448B /* UnitTest */ = {
			isa = PBXGroup;
			children = (
				055E33C71DFC110800BA0582 /* OSX */,
				05B72B0E1D851F6E00F0448B /* UnitTestBundle */,
				059B832C1D853F1000E118F6 /* UnitTest */,
			);
			name = UnitTest;
			path = ../UnitTest;
			sourceTree = SOURCE_ROOT;
		};
		05B72B0E1D851F6E00F0448B /* UnitTestBundle */ = {
			isa = PBXGroup;
			children = (
				05B72B0F1D851F6E00F0448B /* Info.plist */,
			);
			path = UnitTestBundle;
			sourceTree = "<group>";
		};
		05E92A301D84DABB00265B26 /* Source */ = {
			isa = PBXGroup;
			children = (
				05A23E191D84D9BC00DA705C /* KiwiGraphics.h */,
				05E92A311D84E09300265B26 /* Primitives */,
				0505BD421D8EB5B200C74D8F /* Color */,
				053526461D86FCEA0073BE74 /* Graphics */,
				059566431D84E26500DA0C8C /* SpatialPartition */,
			);
			name = Source;
			path = ../Source;
			sourceTree = "<group>";
		};
		05E92A311D84E09300265B26 /* Primitives */ = {
			isa = PBXGroup;
			children = (
				05E92A321D84E0AB00265B26 /* KGLine.swift */,
				056FCB7D1DFC147B001C1FC6 /* KGTriangle.swift */,
				059B83331D85404500E118F6 /* KGCircle.swift */,
				053526491D870F2A0073BE74 /* KGEclipse.swift */,
				05E6293F1D89999B00CF5C30 /* KGHexagon.swift */,
				0594844F1DAD3F10005697A5 /* KGGlyph.swift */,
				053BA1C91DA8F74D00C32991 /* KGVertices.swift */,
				057B0B3F1D900EA500E4CD7E /* KGGradientTable.swift */,
				05E92A331D84E0AB00265B26 /* KGPointExtension.swift */,
				05E92A341D84E0AB00265B26 /* KGRectExtension.swift */,
				05E92A351D84E0AB00265B26 /* KGSizeExtension.swift */,
			);
			name = Primitives;
			sourceTree = "<group>";
		};
/* End PBXGroup section */

/* Begin PBXHeadersBuildPhase section */
		05A23E131D84D9BC00DA705C /* Headers */ = {
			isa = PBXHeadersBuildPhase;
			buildActionMask = 2147483647;
			files = (
				05A23E1B1D84D9BC00DA705C /* KiwiGraphics.h in Headers */,
			);
			runOnlyForDeploymentPostprocessing = 0;
		};
/* End PBXHeadersBuildPhase section */

/* Begin PBXLegacyTarget section */
		0595664E1D84E2C300DA0C8C /* Install */ = {
			isa = PBXLegacyTarget;
			buildArgumentsString = "-f ../Script/install_osx.mk";
			buildConfigurationList = 0595664F1D84E2C300DA0C8C /* Build configuration list for PBXLegacyTarget "Install" */;
			buildPhases = (
			);
			buildToolPath = /usr/bin/make;
			buildWorkingDirectory = "";
			dependencies = (
				059566541D84E31C00DA0C8C /* PBXTargetDependency */,
			);
			name = Install;
			passBuildSettingsInEnvironment = 1;
			productName = Install;
		};
		059B83421D85512500E118F6 /* UnitTestCheck */ = {
			isa = PBXLegacyTarget;
			buildArgumentsString = "-f ../UnitTest/UnitTest/unit_test.mk";
			buildConfigurationList = 059B83431D85512500E118F6 /* Build configuration list for PBXLegacyTarget "UnitTestCheck" */;
			buildPhases = (
			);
			buildToolPath = /usr/bin/make;
			buildWorkingDirectory = "";
			dependencies = (
				059B83471D85512F00E118F6 /* PBXTargetDependency */,
			);
			name = UnitTestCheck;
			passBuildSettingsInEnvironment = 1;
			productName = UnitTestCheck;
		};
/* End PBXLegacyTarget section */

/* Begin PBXNativeTarget section */
		053DEEA51D853ED9008FDA9F /* UnitTest */ = {
			isa = PBXNativeTarget;
			buildConfigurationList = 053DEEAC1D853ED9008FDA9F /* Build configuration list for PBXNativeTarget "UnitTest" */;
			buildPhases = (
				053DEEA21D853ED9008FDA9F /* Sources */,
				053DEEA31D853ED9008FDA9F /* Frameworks */,
			);
			buildRules = (
			);
			dependencies = (
				053DEEAE1D853EE8008FDA9F /* PBXTargetDependency */,
			);
			name = UnitTest;
			productName = UnitTest;
			productReference = 053DEEA61D853ED9008FDA9F /* UnitTest */;
			productType = "com.apple.product-type.tool";
		};
		05A23E151D84D9BC00DA705C /* KiwiGraphics */ = {
			isa = PBXNativeTarget;
			buildConfigurationList = 05A23E1E1D84D9BC00DA705C /* Build configuration list for PBXNativeTarget "KiwiGraphics" */;
			buildPhases = (
				05A23E111D84D9BC00DA705C /* Sources */,
				05A23E121D84D9BC00DA705C /* Frameworks */,
				05A23E131D84D9BC00DA705C /* Headers */,
				05A23E141D84D9BC00DA705C /* Resources */,
			);
			buildRules = (
			);
			dependencies = (
			);
			name = KiwiGraphics;
			productName = KiwiGraphics;
			productReference = 05A23E161D84D9BC00DA705C /* KiwiGraphics.framework */;
			productType = "com.apple.product-type.framework";
		};
		05B698251DFBB5710088A8E6 /* UTImageView */ = {
			isa = PBXNativeTarget;
			buildConfigurationList = 05B698341DFBB5710088A8E6 /* Build configuration list for PBXNativeTarget "UTImageView" */;
			buildPhases = (
				05B698221DFBB5710088A8E6 /* Sources */,
				05B698231DFBB5710088A8E6 /* Frameworks */,
				05B698241DFBB5710088A8E6 /* Resources */,
			);
			buildRules = (
			);
			dependencies = (
				05B698361DFBB57E0088A8E6 /* PBXTargetDependency */,
			);
			name = UTImageView;
			productName = UTImageView;
			productReference = 05B698261DFBB5710088A8E6 /* UTImageView.app */;
			productType = "com.apple.product-type.application";
		};
		05B72B0C1D851F6E00F0448B /* UnitTestBundle */ = {
			isa = PBXNativeTarget;
			buildConfigurationList = 05B72B101D851F6E00F0448B /* Build configuration list for PBXNativeTarget "UnitTestBundle" */;
			buildPhases = (
				05B72B091D851F6E00F0448B /* Sources */,
				05B72B0A1D851F6E00F0448B /* Frameworks */,
				05B72B0B1D851F6E00F0448B /* Resources */,
				059B833B1D8545E600E118F6 /* CopyFiles */,
			);
			buildRules = (
			);
			dependencies = (
				05B72B141D851F7800F0448B /* PBXTargetDependency */,
			);
			name = UnitTestBundle;
			productName = UnitTestBundle;
			productReference = 05B72B0D1D851F6E00F0448B /* UnitTest.bundle */;
			productType = "com.apple.product-type.bundle";
		};
/* End PBXNativeTarget section */

/* Begin PBXProject section */
		05A23E0D1D84D9BC00DA705C /* Project object */ = {
			isa = PBXProject;
			attributes = {
				LastSwiftUpdateCheck = 0810;
				LastUpgradeCheck = 0800;
				ORGANIZATIONNAME = "Steel Wheels Project";
				TargetAttributes = {
					053DEEA51D853ED9008FDA9F = {
						CreatedOnToolsVersion = 8.0;
						DevelopmentTeam = TR2DNF3P93;
						ProvisioningStyle = Automatic;
					};
					0595664E1D84E2C300DA0C8C = {
						CreatedOnToolsVersion = 8.0;
						DevelopmentTeam = TR2DNF3P93;
						ProvisioningStyle = Automatic;
					};
					059B83421D85512500E118F6 = {
						CreatedOnToolsVersion = 8.0;
						DevelopmentTeam = TR2DNF3P93;
						ProvisioningStyle = Automatic;
					};
					05A23E151D84D9BC00DA705C = {
						CreatedOnToolsVersion = 8.0;
						DevelopmentTeam = TR2DNF3P93;
						LastSwiftMigration = 0800;
						ProvisioningStyle = Automatic;
					};
					05B698251DFBB5710088A8E6 = {
						CreatedOnToolsVersion = 8.1;
						DevelopmentTeam = TR2DNF3P93;
						ProvisioningStyle = Automatic;
					};
					05B72B0C1D851F6E00F0448B = {
						CreatedOnToolsVersion = 8.0;
						DevelopmentTeam = TR2DNF3P93;
						ProvisioningStyle = Automatic;
					};
				};
			};
			buildConfigurationList = 05A23E101D84D9BC00DA705C /* Build configuration list for PBXProject "KiwiGraphics" */;
			compatibilityVersion = "Xcode 3.2";
			developmentRegion = English;
			hasScannedForEncodings = 0;
			knownRegions = (
				en,
				Base,
			);
			mainGroup = 05A23E0C1D84D9BC00DA705C;
			productRefGroup = 05A23E171D84D9BC00DA705C /* Products */;
			projectDirPath = "";
			projectRoot = "";
			targets = (
				05A23E151D84D9BC00DA705C /* KiwiGraphics */,
				0595664E1D84E2C300DA0C8C /* Install */,
				05B72B0C1D851F6E00F0448B /* UnitTestBundle */,
				053DEEA51D853ED9008FDA9F /* UnitTest */,
				059B83421D85512500E118F6 /* UnitTestCheck */,
				05B698251DFBB5710088A8E6 /* UTImageView */,
			);
		};
/* End PBXProject section */

/* Begin PBXResourcesBuildPhase section */
		05A23E141D84D9BC00DA705C /* Resources */ = {
			isa = PBXResourcesBuildPhase;
			buildActionMask = 2147483647;
			files = (
			);
			runOnlyForDeploymentPostprocessing = 0;
		};
		05B698241DFBB5710088A8E6 /* Resources */ = {
			isa = PBXResourcesBuildPhase;
			buildActionMask = 2147483647;
			files = (
				05B6982D1DFBB5710088A8E6 /* Assets.xcassets in Resources */,
				05B698301DFBB5710088A8E6 /* Main.storyboard in Resources */,
			);
			runOnlyForDeploymentPostprocessing = 0;
		};
		05B72B0B1D851F6E00F0448B /* Resources */ = {
			isa = PBXResourcesBuildPhase;
			buildActionMask = 2147483647;
			files = (
			);
			runOnlyForDeploymentPostprocessing = 0;
		};
/* End PBXResourcesBuildPhase section */

/* Begin PBXSourcesBuildPhase section */
		053DEEA21D853ED9008FDA9F /* Sources */ = {
			isa = PBXSourcesBuildPhase;
			buildActionMask = 2147483647;
			files = (
				05ED35EF1DABAEC3002976E7 /* UTGradient.swift in Sources */,
				059B832E1D853F6900E118F6 /* main.swift in Sources */,
				05F803C61D89A6940015744B /* UTHexagon.swift in Sources */,
				059B83321D853F7200E118F6 /* UTPartitionMapper.swift in Sources */,
				050A74661D9AD100004B177C /* UTIntersect.swift in Sources */,
				059B83311D853F7200E118F6 /* UTPartitionCell.swift in Sources */,
			);
			runOnlyForDeploymentPostprocessing = 0;
		};
		05A23E111D84D9BC00DA705C /* Sources */ = {
			isa = PBXSourcesBuildPhase;
			buildActionMask = 2147483647;
			files = (
				0595664B1D84E27B00DA0C8C /* KGPartitionCellTable.swift in Sources */,
				056FCB7E1DFC147B001C1FC6 /* KGTriangle.swift in Sources */,
				059484501DAD3F10005697A5 /* KGGlyph.swift in Sources */,
				05E92A391D84E0AB00265B26 /* KGRectExtension.swift in Sources */,
				059B83341D85404500E118F6 /* KGCircle.swift in Sources */,
				0535264A1D870F2A0073BE74 /* KGEclipse.swift in Sources */,
				05E629401D89999B00CF5C30 /* KGHexagon.swift in Sources */,
				059566491D84E27B00DA0C8C /* KGPartitionLayer.swift in Sources */,
				053BA1CA1DA8F74D00C32991 /* KGVertices.swift in Sources */,
				05E92A381D84E0AB00265B26 /* KGPointExtension.swift in Sources */,
				055DFA5F1D978C240029BA0A /* KGStroke.swift in Sources */,
				053526481D86FEC10073BE74 /* KGConrtext.swift in Sources */,
				0595664C1D84E27B00DA0C8C /* KGPartitionIndex.swift in Sources */,
				0595664A1D84E27B00DA0C8C /* KGPartitionCell.swift in Sources */,
				05E92A3A1D84E0AB00265B26 /* KGSizeExtension.swift in Sources */,
				056DDBC51D968A27007A8677 /* KGImage.swift in Sources */,
				057B0B401D900EA500E4CD7E /* KGGradientTable.swift in Sources */,
				05E92A3B1D84E0AB00265B26 /* KGVelocity.swift in Sources */,
				050A74641D9AD063004B177C /* KGIntersectDetector.swift in Sources */,
				0595664D1D84E27B00DA0C8C /* KGPartitionMapper.swift in Sources */,
				05E92A371D84E0AB00265B26 /* KGLine.swift in Sources */,
				0505BD441D8EB5C800C74D8F /* KGColorTable.swift in Sources */,
			);
			runOnlyForDeploymentPostprocessing = 0;
		};
		05B698221DFBB5710088A8E6 /* Sources */ = {
			isa = PBXSourcesBuildPhase;
			buildActionMask = 2147483647;
			files = (
				05B6982B1DFBB5710088A8E6 /* ViewController.swift in Sources */,
				05B698291DFBB5710088A8E6 /* AppDelegate.swift in Sources */,
			);
			runOnlyForDeploymentPostprocessing = 0;
		};
		05B72B091D851F6E00F0448B /* Sources */ = {
			isa = PBXSourcesBuildPhase;
			buildActionMask = 2147483647;
			files = (
			);
			runOnlyForDeploymentPostprocessing = 0;
		};
/* End PBXSourcesBuildPhase section */

/* Begin PBXTargetDependency section */
		053DEEAE1D853EE8008FDA9F /* PBXTargetDependency */ = {
			isa = PBXTargetDependency;
			target = 05B72B0C1D851F6E00F0448B /* UnitTestBundle */;
			targetProxy = 053DEEAD1D853EE8008FDA9F /* PBXContainerItemProxy */;
		};
		059566541D84E31C00DA0C8C /* PBXTargetDependency */ = {
			isa = PBXTargetDependency;
			target = 05A23E151D84D9BC00DA705C /* KiwiGraphics */;
			targetProxy = 059566531D84E31C00DA0C8C /* PBXContainerItemProxy */;
		};
		059B83471D85512F00E118F6 /* PBXTargetDependency */ = {
			isa = PBXTargetDependency;
			target = 053DEEA51D853ED9008FDA9F /* UnitTest */;
			targetProxy = 059B83461D85512F00E118F6 /* PBXContainerItemProxy */;
		};
		05B698361DFBB57E0088A8E6 /* PBXTargetDependency */ = {
			isa = PBXTargetDependency;
			target = 0595664E1D84E2C300DA0C8C /* Install */;
			targetProxy = 05B698351DFBB57E0088A8E6 /* PBXContainerItemProxy */;
		};
		05B72B141D851F7800F0448B /* PBXTargetDependency */ = {
			isa = PBXTargetDependency;
			target = 0595664E1D84E2C300DA0C8C /* Install */;
			targetProxy = 05B72B131D851F7800F0448B /* PBXContainerItemProxy */;
		};
/* End PBXTargetDependency section */

/* Begin PBXVariantGroup section */
		05B6982E1DFBB5710088A8E6 /* Main.storyboard */ = {
			isa = PBXVariantGroup;
			children = (
				05B6982F1DFBB5710088A8E6 /* Base */,
			);
			name = Main.storyboard;
			sourceTree = "<group>";
		};
/* End PBXVariantGroup section */

/* Begin XCBuildConfiguration section */
		053DEEAA1D853ED9008FDA9F /* Debug */ = {
			isa = XCBuildConfiguration;
			buildSettings = {
				DEVELOPMENT_TEAM = TR2DNF3P93;
				FRAMEWORK_SEARCH_PATHS = (
					"$(inherited)",
					"$(USER_LIBRARY_DIR)/Frameworks",
				);
				INSTALL_PATH = "$(HOME)/Tools/bin";
				LD_RUNPATH_SEARCH_PATHS = "@executable_path/$(PRODUCT_NAME).bundle/Contents/Frameworks $(inherited)";
				PRODUCT_NAME = "$(TARGET_NAME)";
				SWIFT_VERSION = 3.0;
			};
			name = Debug;
		};
		053DEEAB1D853ED9008FDA9F /* Release */ = {
			isa = XCBuildConfiguration;
			buildSettings = {
				DEVELOPMENT_TEAM = TR2DNF3P93;
				FRAMEWORK_SEARCH_PATHS = (
					"$(inherited)",
					"$(USER_LIBRARY_DIR)/Frameworks",
				);
				INSTALL_PATH = "$(HOME)/Tools/bin";
				LD_RUNPATH_SEARCH_PATHS = "@executable_path/../bundles/$(PRODUCT_NAME).bundle/Contents/Frameworks $(inherited)";
				PRODUCT_NAME = "$(TARGET_NAME)";
				SWIFT_VERSION = 3.0;
			};
			name = Release;
		};
		059566501D84E2C300DA0C8C /* Debug */ = {
			isa = XCBuildConfiguration;
			buildSettings = {
				DEBUGGING_SYMBOLS = YES;
				DEBUG_INFORMATION_FORMAT = dwarf;
				DEVELOPMENT_TEAM = TR2DNF3P93;
				GCC_GENERATE_DEBUGGING_SYMBOLS = YES;
				GCC_OPTIMIZATION_LEVEL = 0;
				OTHER_CFLAGS = "";
				OTHER_LDFLAGS = "";
				PRODUCT_NAME = "$(TARGET_NAME)";
			};
			name = Debug;
		};
		059566511D84E2C300DA0C8C /* Release */ = {
			isa = XCBuildConfiguration;
			buildSettings = {
				DEBUG_INFORMATION_FORMAT = "dwarf-with-dsym";
				DEVELOPMENT_TEAM = TR2DNF3P93;
				OTHER_CFLAGS = "";
				OTHER_LDFLAGS = "";
				PRODUCT_NAME = "$(TARGET_NAME)";
			};
			name = Release;
		};
		059B83441D85512500E118F6 /* Debug */ = {
			isa = XCBuildConfiguration;
			buildSettings = {
				DEBUGGING_SYMBOLS = YES;
				DEBUG_INFORMATION_FORMAT = dwarf;
				DEVELOPMENT_TEAM = TR2DNF3P93;
				GCC_GENERATE_DEBUGGING_SYMBOLS = YES;
				GCC_OPTIMIZATION_LEVEL = 0;
				OTHER_CFLAGS = "";
				OTHER_LDFLAGS = "";
				PRODUCT_NAME = "$(TARGET_NAME)";
			};
			name = Debug;
		};
		059B83451D85512500E118F6 /* Release */ = {
			isa = XCBuildConfiguration;
			buildSettings = {
				DEBUG_INFORMATION_FORMAT = "dwarf-with-dsym";
				DEVELOPMENT_TEAM = TR2DNF3P93;
				OTHER_CFLAGS = "";
				OTHER_LDFLAGS = "";
				PRODUCT_NAME = "$(TARGET_NAME)";
			};
			name = Release;
		};
		05A23E1C1D84D9BC00DA705C /* Debug */ = {
			isa = XCBuildConfiguration;
			buildSettings = {
				ALWAYS_SEARCH_USER_PATHS = NO;
				CLANG_ANALYZER_NONNULL = YES;
				CLANG_CXX_LANGUAGE_STANDARD = "gnu++0x";
				CLANG_CXX_LIBRARY = "libc++";
				CLANG_ENABLE_MODULES = YES;
				CLANG_ENABLE_OBJC_ARC = YES;
				CLANG_WARN_BOOL_CONVERSION = YES;
				CLANG_WARN_CONSTANT_CONVERSION = YES;
				CLANG_WARN_DIRECT_OBJC_ISA_USAGE = YES_ERROR;
				CLANG_WARN_DOCUMENTATION_COMMENTS = YES;
				CLANG_WARN_EMPTY_BODY = YES;
				CLANG_WARN_ENUM_CONVERSION = YES;
				CLANG_WARN_INFINITE_RECURSION = YES;
				CLANG_WARN_INT_CONVERSION = YES;
				CLANG_WARN_OBJC_ROOT_CLASS = YES_ERROR;
				CLANG_WARN_SUSPICIOUS_MOVES = YES;
				CLANG_WARN_UNREACHABLE_CODE = YES;
				CLANG_WARN__DUPLICATE_METHOD_MATCH = YES;
				CODE_SIGN_IDENTITY = "-";
				COPY_PHASE_STRIP = NO;
				CURRENT_PROJECT_VERSION = 1;
				DEBUG_INFORMATION_FORMAT = dwarf;
				ENABLE_STRICT_OBJC_MSGSEND = YES;
				ENABLE_TESTABILITY = YES;
				GCC_C_LANGUAGE_STANDARD = gnu99;
				GCC_DYNAMIC_NO_PIC = NO;
				GCC_NO_COMMON_BLOCKS = YES;
				GCC_OPTIMIZATION_LEVEL = 0;
				GCC_PREPROCESSOR_DEFINITIONS = (
					"DEBUG=1",
					"$(inherited)",
				);
				GCC_WARN_64_TO_32_BIT_CONVERSION = YES;
				GCC_WARN_ABOUT_RETURN_TYPE = YES_ERROR;
				GCC_WARN_UNDECLARED_SELECTOR = YES;
				GCC_WARN_UNINITIALIZED_AUTOS = YES_AGGRESSIVE;
				GCC_WARN_UNUSED_FUNCTION = YES;
				GCC_WARN_UNUSED_VARIABLE = YES;
				MACOSX_DEPLOYMENT_TARGET = 10.11;
				MTL_ENABLE_DEBUG_INFO = YES;
				ONLY_ACTIVE_ARCH = YES;
				SDKROOT = macosx;
				SWIFT_ACTIVE_COMPILATION_CONDITIONS = DEBUG;
				SWIFT_OPTIMIZATION_LEVEL = "-Onone";
				VERSIONING_SYSTEM = "apple-generic";
				VERSION_INFO_PREFIX = "";
			};
			name = Debug;
		};
		05A23E1D1D84D9BC00DA705C /* Release */ = {
			isa = XCBuildConfiguration;
			buildSettings = {
				ALWAYS_SEARCH_USER_PATHS = NO;
				CLANG_ANALYZER_NONNULL = YES;
				CLANG_CXX_LANGUAGE_STANDARD = "gnu++0x";
				CLANG_CXX_LIBRARY = "libc++";
				CLANG_ENABLE_MODULES = YES;
				CLANG_ENABLE_OBJC_ARC = YES;
				CLANG_WARN_BOOL_CONVERSION = YES;
				CLANG_WARN_CONSTANT_CONVERSION = YES;
				CLANG_WARN_DIRECT_OBJC_ISA_USAGE = YES_ERROR;
				CLANG_WARN_DOCUMENTATION_COMMENTS = YES;
				CLANG_WARN_EMPTY_BODY = YES;
				CLANG_WARN_ENUM_CONVERSION = YES;
				CLANG_WARN_INFINITE_RECURSION = YES;
				CLANG_WARN_INT_CONVERSION = YES;
				CLANG_WARN_OBJC_ROOT_CLASS = YES_ERROR;
				CLANG_WARN_SUSPICIOUS_MOVES = YES;
				CLANG_WARN_UNREACHABLE_CODE = YES;
				CLANG_WARN__DUPLICATE_METHOD_MATCH = YES;
				CODE_SIGN_IDENTITY = "-";
				COPY_PHASE_STRIP = NO;
				CURRENT_PROJECT_VERSION = 1;
				DEBUG_INFORMATION_FORMAT = "dwarf-with-dsym";
				ENABLE_NS_ASSERTIONS = NO;
				ENABLE_STRICT_OBJC_MSGSEND = YES;
				GCC_C_LANGUAGE_STANDARD = gnu99;
				GCC_NO_COMMON_BLOCKS = YES;
				GCC_WARN_64_TO_32_BIT_CONVERSION = YES;
				GCC_WARN_ABOUT_RETURN_TYPE = YES_ERROR;
				GCC_WARN_UNDECLARED_SELECTOR = YES;
				GCC_WARN_UNINITIALIZED_AUTOS = YES_AGGRESSIVE;
				GCC_WARN_UNUSED_FUNCTION = YES;
				GCC_WARN_UNUSED_VARIABLE = YES;
				MACOSX_DEPLOYMENT_TARGET = 10.11;
				MTL_ENABLE_DEBUG_INFO = NO;
				SDKROOT = macosx;
				SWIFT_OPTIMIZATION_LEVEL = "-Owholemodule";
				VERSIONING_SYSTEM = "apple-generic";
				VERSION_INFO_PREFIX = "";
			};
			name = Release;
		};
		05A23E1F1D84D9BC00DA705C /* Debug */ = {
			isa = XCBuildConfiguration;
			buildSettings = {
				CLANG_ENABLE_MODULES = YES;
				CODE_SIGN_IDENTITY = "";
				COMBINE_HIDPI_IMAGES = YES;
				DEFINES_MODULE = YES;
				DEVELOPMENT_TEAM = TR2DNF3P93;
				DYLIB_COMPATIBILITY_VERSION = 1;
				DYLIB_CURRENT_VERSION = 1;
				DYLIB_INSTALL_NAME_BASE = "@rpath";
				FRAMEWORK_SEARCH_PATHS = (
					"$(inherited)",
					"$(USER_LIBRARY_DIR)/Frameworks",
				);
				FRAMEWORK_VERSION = A;
				GCC_OPTIMIZATION_LEVEL = 2;
				GCC_TREAT_WARNINGS_AS_ERRORS = YES;
				INFOPLIST_FILE = Info.plist;
				INSTALL_PATH = "$(HOME)/Library/Frameworks";
				LD_RUNPATH_SEARCH_PATHS = "$(inherited) @executable_path/../Frameworks @loader_path/Frameworks";
				PRODUCT_BUNDLE_IDENTIFIER = "steel-wheels-project.KiwiGraphics";
				PRODUCT_NAME = "$(TARGET_NAME)";
				SKIP_INSTALL = NO;
				SWIFT_OPTIMIZATION_LEVEL = "-O";
				SWIFT_VERSION = 3.0;
			};
			name = Debug;
		};
		05A23E201D84D9BC00DA705C /* Release */ = {
			isa = XCBuildConfiguration;
			buildSettings = {
				CLANG_ENABLE_MODULES = YES;
				CODE_SIGN_IDENTITY = "";
				COMBINE_HIDPI_IMAGES = YES;
				DEFINES_MODULE = YES;
				DEVELOPMENT_TEAM = TR2DNF3P93;
				DYLIB_COMPATIBILITY_VERSION = 1;
				DYLIB_CURRENT_VERSION = 1;
				DYLIB_INSTALL_NAME_BASE = "@rpath";
				FRAMEWORK_SEARCH_PATHS = (
					"$(inherited)",
					"$(USER_LIBRARY_DIR)/Frameworks",
				);
				FRAMEWORK_VERSION = A;
				GCC_OPTIMIZATION_LEVEL = 2;
				GCC_TREAT_WARNINGS_AS_ERRORS = YES;
				INFOPLIST_FILE = Info.plist;
				INSTALL_PATH = "$(HOME)/Library/Frameworks";
				LD_RUNPATH_SEARCH_PATHS = "$(inherited) @executable_path/../Frameworks @loader_path/Frameworks";
				PRODUCT_BUNDLE_IDENTIFIER = "steel-wheels-project.KiwiGraphics";
				PRODUCT_NAME = "$(TARGET_NAME)";
				SKIP_INSTALL = NO;
				SWIFT_VERSION = 3.0;
			};
			name = Release;
		};
		05B698321DFBB5710088A8E6 /* Debug */ = {
			isa = XCBuildConfiguration;
			buildSettings = {
				ASSETCATALOG_COMPILER_APPICON_NAME = AppIcon;
				COMBINE_HIDPI_IMAGES = YES;
				DEVELOPMENT_TEAM = TR2DNF3P93;
				FRAMEWORK_SEARCH_PATHS = (
					"$(HOME)/Library/Frameworks",
					"$(USER_LIBRARY_DIR)/Frameworks",
				);
				GCC_OPTIMIZATION_LEVEL = 2;
				INFOPLIST_FILE = ../UnitTest/OSX/UTImageView/Info.plist;
				LD_RUNPATH_SEARCH_PATHS = "$(inherited) @executable_path/../Frameworks $(HOME)/Library/Frameworks";
				MACOSX_DEPLOYMENT_TARGET = 10.12;
				PRODUCT_BUNDLE_IDENTIFIER = "steel-wheels-project.UTImageView";
				PRODUCT_NAME = "$(TARGET_NAME)";
				SWIFT_OPTIMIZATION_LEVEL = "-Owholemodule";
				SWIFT_TREAT_WARNINGS_AS_ERRORS = YES;
				SWIFT_VERSION = 3.0;
			};
			name = Debug;
		};
		05B698331DFBB5710088A8E6 /* Release */ = {
			isa = XCBuildConfiguration;
			buildSettings = {
				ASSETCATALOG_COMPILER_APPICON_NAME = AppIcon;
				COMBINE_HIDPI_IMAGES = YES;
				DEVELOPMENT_TEAM = TR2DNF3P93;
				FRAMEWORK_SEARCH_PATHS = (
					"$(HOME)/Library/Frameworks",
					"$(USER_LIBRARY_DIR)/Frameworks",
				);
				GCC_OPTIMIZATION_LEVEL = 2;
				INFOPLIST_FILE = ../UnitTest/OSX/UTImageView/Info.plist;
				LD_RUNPATH_SEARCH_PATHS = "$(inherited) @executable_path/../Frameworks $(HOME)/Library/Frameworks";
				MACOSX_DEPLOYMENT_TARGET = 10.12;
				PRODUCT_BUNDLE_IDENTIFIER = "steel-wheels-project.UTImageView";
				PRODUCT_NAME = "$(TARGET_NAME)";
				SWIFT_OPTIMIZATION_LEVEL = "-Owholemodule";
				SWIFT_TREAT_WARNINGS_AS_ERRORS = YES;
				SWIFT_VERSION = 3.0;
			};
			name = Release;
		};
		05B72B111D851F6E00F0448B /* Debug */ = {
			isa = XCBuildConfiguration;
			buildSettings = {
				ALWAYS_EMBED_SWIFT_STANDARD_LIBRARIES = YES;
				COMBINE_HIDPI_IMAGES = YES;
				DEVELOPMENT_TEAM = TR2DNF3P93;
				INFOPLIST_FILE = ../UnitTest/UnitTestBundle/Info.plist;
				INSTALL_PATH = "$(HOME)/Tools/Bundles";
				PRODUCT_BUNDLE_IDENTIFIER = "steel-wheels-project.UnitTestBundle";
				PRODUCT_NAME = UnitTest;
				SKIP_INSTALL = NO;
				WRAPPER_EXTENSION = bundle;
			};
			name = Debug;
		};
		05B72B121D851F6E00F0448B /* Release */ = {
			isa = XCBuildConfiguration;
			buildSettings = {
				ALWAYS_EMBED_SWIFT_STANDARD_LIBRARIES = YES;
				COMBINE_HIDPI_IMAGES = YES;
				DEVELOPMENT_TEAM = TR2DNF3P93;
				INFOPLIST_FILE = ../UnitTest/UnitTestBundle/Info.plist;
				INSTALL_PATH = "$(HOME)/Tools/Bundles";
				PRODUCT_BUNDLE_IDENTIFIER = "steel-wheels-project.UnitTestBundle";
				PRODUCT_NAME = UnitTest;
				SKIP_INSTALL = NO;
				WRAPPER_EXTENSION = bundle;
			};
			name = Release;
		};
/* End XCBuildConfiguration section */

/* Begin XCConfigurationList section */
		053DEEAC1D853ED9008FDA9F /* Build configuration list for PBXNativeTarget "UnitTest" */ = {
			isa = XCConfigurationList;
			buildConfigurations = (
				053DEEAA1D853ED9008FDA9F /* Debug */,
				053DEEAB1D853ED9008FDA9F /* Release */,
			);
			defaultConfigurationIsVisible = 0;
			defaultConfigurationName = Release;
		};
		0595664F1D84E2C300DA0C8C /* Build configuration list for PBXLegacyTarget "Install" */ = {
			isa = XCConfigurationList;
			buildConfigurations = (
				059566501D84E2C300DA0C8C /* Debug */,
				059566511D84E2C300DA0C8C /* Release */,
			);
			defaultConfigurationIsVisible = 0;
			defaultConfigurationName = Release;
		};
		059B83431D85512500E118F6 /* Build configuration list for PBXLegacyTarget "UnitTestCheck" */ = {
			isa = XCConfigurationList;
			buildConfigurations = (
				059B83441D85512500E118F6 /* Debug */,
				059B83451D85512500E118F6 /* Release */,
			);
			defaultConfigurationIsVisible = 0;
			defaultConfigurationName = Release;
		};
		05A23E101D84D9BC00DA705C /* Build configuration list for PBXProject "KiwiGraphics" */ = {
			isa = XCConfigurationList;
			buildConfigurations = (
				05A23E1C1D84D9BC00DA705C /* Debug */,
				05A23E1D1D84D9BC00DA705C /* Release */,
			);
			defaultConfigurationIsVisible = 0;
			defaultConfigurationName = Release;
		};
		05A23E1E1D84D9BC00DA705C /* Build configuration list for PBXNativeTarget "KiwiGraphics" */ = {
			isa = XCConfigurationList;
			buildConfigurations = (
				05A23E1F1D84D9BC00DA705C /* Debug */,
				05A23E201D84D9BC00DA705C /* Release */,
			);
			defaultConfigurationIsVisible = 0;
			defaultConfigurationName = Release;
		};
		05B698341DFBB5710088A8E6 /* Build configuration list for PBXNativeTarget "UTImageView" */ = {
			isa = XCConfigurationList;
			buildConfigurations = (
				05B698321DFBB5710088A8E6 /* Debug */,
				05B698331DFBB5710088A8E6 /* Release */,
			);
			defaultConfigurationIsVisible = 0;
			defaultConfigurationName = Release;
		};
		05B72B101D851F6E00F0448B /* Build configuration list for PBXNativeTarget "UnitTestBundle" */ = {
			isa = XCConfigurationList;
			buildConfigurations = (
				05B72B111D851F6E00F0448B /* Debug */,
				05B72B121D851F6E00F0448B /* Release */,
			);
			defaultConfigurationIsVisible = 0;
			defaultConfigurationName = Release;
		};
/* End XCConfigurationList section */
	};
	rootObject = 05A23E0D1D84D9BC00DA705C /* Project object */;
}
